{
  "name": "redis-clone",
  "version": "1.0.0",
  "lockfileVersion": 2,
  "requires": true,
  "packages": {
    "": {
      "name": "redis-clone",
      "version": "1.0.0",
      "license": "ISC",
      "dependencies": {
        "lodash": "^4.17.21",
        "schm": "^0.4.1",
        "shortid": "^2.2.16"
      }
    },
    "node_modules/lodash": {
      "version": "4.17.21",
      "resolved": "https://registry.npmjs.org/lodash/-/lodash-4.17.21.tgz",
      "integrity": "sha512-v2kDEe57lecTulaDIuNTPy3Ry4gLGJ6Z1O3vE1krgXZNrsQ+LFTGHVxVjcXPs17LhbZVGedAJv8XZ1tvj5FvSg=="
    },
    "node_modules/schm": {
      "version": "0.4.1",
      "resolved": "https://registry.npmjs.org/schm/-/schm-0.4.1.tgz",
      "integrity": "sha512-Ndl+URhRV3//jAmt2e4LrijQOoN/PMws6OsNVEl6SxCctiaZcU+laW1Ya2iLPn9HrAQMQbzznLBd6D2cvNO0Wg==",
      "dependencies": {
        "lodash": "^4.17.10"
      },
      "engines": {
        "node": ">=6"
      }
    },
    "node_modules/shortid": {
      "version": "2.2.16",
      "resolved": "https://registry.npmjs.org/shortid/-/shortid-2.2.16.tgz",
      "integrity": "sha512-Ugt+GIZqvGXCIItnsL+lvFJOiN7RYqlGy7QE41O3YC1xbNSeDGIRO7xg2JJXIAj1cAGnOeC1r7/T9pgrtQbv4g==",
      "dependencies": {
        "nanoid": "^2.1.0"
      }
    }
  },
  "dependencies": {
    "lodash": {
      "version": "4.17.21",
      "resolved": "https://registry.npmjs.org/lodash/-/lodash-4.17.21.tgz",
      "integrity": "sha512-v2kDEe57lecTulaDIuNTPy3Ry4gLGJ6Z1O3vE1krgXZNrsQ+LFTGHVxVjcXPs17LhbZVGedAJv8XZ1tvj5FvSg=="
    },
    "schm": {
      "version": "0.4.1",
      "resolved": "https://registry.npmjs.org/schm/-/schm-0.4.1.tgz",
      "integrity": "sha512-Ndl+URhRV3//jAmt2e4LrijQOoN/PMws6OsNVEl6SxCctiaZcU+laW1Ya2iLPn9HrAQMQbzznLBd6D2cvNO0Wg==",
      "requires": {
        "lodash": "^4.17.10"
      }
    },
    "shortid": {
      "version": "2.2.16",
      "resolved": "https://registry.npmjs.org/shortid/-/shortid-2.2.16.tgz",
      "integrity": "sha512-Ugt+GIZqvGXCIItnsL+lvFJOiN7RYqlGy7QE41O3YC1xbNSeDGIRO7xg2JJXIAj1cAGnOeC1r7/T9pgrtQbv4g==",
      "requires": {
        "nanoid": "^2.1.0"
      }
    }
  }
}
