{
  "name": "redis-clone",
  "version": "1.0.0",
  "lockfileVersion": 2,
  "requires": true,
  "packages": {
    "": {
      "name": "redis-clone",
      "version": "1.0.0",
      "license": "ISC",
      "dependencies": {
        "loadash": "^1.0.0",
        "lodash": "^4.17.21",
        "mkdirp": "^1.0.4",
        "schm": "^0.4.1",
        "shortid": "^2.2.16",
        "string-hash": "^1.1.3"
      }
    },
    "node_modules/loadash": {
      "version": "1.0.0",
      "resolved": "https://registry.npmjs.org/loadash/-/loadash-1.0.0.tgz",
      "integrity": "sha512-xlX5HBsXB3KG0FJbJJG/3kYWCfsCyCSus3T+uHVu6QL6YxAdggmm3QeyLgn54N2yi5/UE6xxL5ZWJAAiHzHYEg==",
      "deprecated": "Package is unsupport. Please use the lodash package instead."
    },
    "node_modules/lodash": {
      "version": "4.17.21",
      "resolved": "https://registry.npmjs.org/lodash/-/lodash-4.17.21.tgz",
      "integrity": "sha512-v2kDEe57lecTulaDIuNTPy3Ry4gLGJ6Z1O3vE1krgXZNrsQ+LFTGHVxVjcXPs17LhbZVGedAJv8XZ1tvj5FvSg=="
    },
    "node_modules/mkdirp": {
      "version": "1.0.4",
      "resolved": "https://registry.npmjs.org/mkdirp/-/mkdirp-1.0.4.tgz",
      "integrity": "sha512-vVqVZQyf3WLx2Shd0qJ9xuvqgAyKPLAiqITEtqW0oIUjzo3PePDd6fW9iFz30ef7Ysp/oiWqbhszeGWW2T6Gzw==",
      "bin": {
        "mkdirp": "bin/cmd.js"
      },
      "engines": {
        "node": ">=10"
      }
    },
    "node_modules/nanoid": {
      "version": "2.1.11",
      "resolved": "https://registry.npmjs.org/nanoid/-/nanoid-2.1.11.tgz",
      "integrity": "sha512-s/snB+WGm6uwi0WjsZdaVcuf3KJXlfGl2LcxgwkEwJF0D/BWzVWAZW/XY4bFaiR7s0Jk3FPvlnepg1H1b1UwlA=="
    },
    "node_modules/schm": {
      "version": "0.4.1",
      "resolved": "https://registry.npmjs.org/schm/-/schm-0.4.1.tgz",
      "integrity": "sha512-Ndl+URhRV3//jAmt2e4LrijQOoN/PMws6OsNVEl6SxCctiaZcU+laW1Ya2iLPn9HrAQMQbzznLBd6D2cvNO0Wg==",
      "dependencies": {
        "lodash": "^4.17.10"
      },
      "engines": {
        "node": ">=6"
      }
    },
    "node_modules/shortid": {
      "version": "2.2.16",
      "resolved": "https://registry.npmjs.org/shortid/-/shortid-2.2.16.tgz",
      "integrity": "sha512-Ugt+GIZqvGXCIItnsL+lvFJOiN7RYqlGy7QE41O3YC1xbNSeDGIRO7xg2JJXIAj1cAGnOeC1r7/T9pgrtQbv4g==",
      "dependencies": {
        "nanoid": "^2.1.0"
      }
    },
    "node_modules/string-hash": {
      "version": "1.1.3",
      "resolved": "https://registry.npmjs.org/string-hash/-/string-hash-1.1.3.tgz",
      "integrity": "sha1-6Kr8CsGFW0Zmkp7X3RJ1311sgRs="
    }
  },
  "dependencies": {
    "loadash": {
      "version": "1.0.0",
      "resolved": "https://registry.npmjs.org/loadash/-/loadash-1.0.0.tgz",
      "integrity": "sha512-xlX5HBsXB3KG0FJbJJG/3kYWCfsCyCSus3T+uHVu6QL6YxAdggmm3QeyLgn54N2yi5/UE6xxL5ZWJAAiHzHYEg=="
    },
    "lodash": {
      "version": "4.17.21",
      "resolved": "https://registry.npmjs.org/lodash/-/lodash-4.17.21.tgz",
      "integrity": "sha512-v2kDEe57lecTulaDIuNTPy3Ry4gLGJ6Z1O3vE1krgXZNrsQ+LFTGHVxVjcXPs17LhbZVGedAJv8XZ1tvj5FvSg=="
    },
    "mkdirp": {
      "version": "1.0.4",
      "resolved": "https://registry.npmjs.org/mkdirp/-/mkdirp-1.0.4.tgz",
      "integrity": "sha512-vVqVZQyf3WLx2Shd0qJ9xuvqgAyKPLAiqITEtqW0oIUjzo3PePDd6fW9iFz30ef7Ysp/oiWqbhszeGWW2T6Gzw=="
    },
    "nanoid": {
      "version": "2.1.11",
      "resolved": "https://registry.npmjs.org/nanoid/-/nanoid-2.1.11.tgz",
      "integrity": "sha512-s/snB+WGm6uwi0WjsZdaVcuf3KJXlfGl2LcxgwkEwJF0D/BWzVWAZW/XY4bFaiR7s0Jk3FPvlnepg1H1b1UwlA=="
    },
    "schm": {
      "version": "0.4.1",
      "resolved": "https://registry.npmjs.org/schm/-/schm-0.4.1.tgz",
      "integrity": "sha512-Ndl+URhRV3//jAmt2e4LrijQOoN/PMws6OsNVEl6SxCctiaZcU+laW1Ya2iLPn9HrAQMQbzznLBd6D2cvNO0Wg==",
      "requires": {
        "lodash": "^4.17.10"
      }
    },
    "shortid": {
      "version": "2.2.16",
      "resolved": "https://registry.npmjs.org/shortid/-/shortid-2.2.16.tgz",
      "integrity": "sha512-Ugt+GIZqvGXCIItnsL+lvFJOiN7RYqlGy7QE41O3YC1xbNSeDGIRO7xg2JJXIAj1cAGnOeC1r7/T9pgrtQbv4g==",
      "requires": {
        "nanoid": "^2.1.0"
      }
    },
    "string-hash": {
      "version": "1.1.3",
      "resolved": "https://registry.npmjs.org/string-hash/-/string-hash-1.1.3.tgz",
      "integrity": "sha1-6Kr8CsGFW0Zmkp7X3RJ1311sgRs="
    }
  }
}
